
Microsoft Visual Studio Solution File, Format Version 12.00
# Visual Studio Version 16
VisualStudioVersion = 16.0.31911.196
MinimumVisualStudioVersion = 10.0.40219.1
Project("{FAE04EC0-301F-11D3-BF4B-00C04F79EFBC}") = "greenTea", "greenTea\greenTea.csproj", "{544CCECC-288A-4E8F-AC9C-6500C505F96C}"
EndProject
Global
	GlobalSection(SolutionConfigurationPlatforms) = preSolution
		Debug|Any CPU = Debug|Any CPU
		Release|Any CPU = Release|Any CPU
	EndGlobalSection
	GlobalSection(ProjectConfigurationPlatforms) = postSolution
		{544CCECC-288A-4E8F-AC9C-6500C505F96C}.Debug|Any CPU.ActiveCfg = Debug|Any CPU
		{544CCECC-288A-4E8F-AC9C-6500C505F96C}.Debug|Any CPU.Build.0 = Debug|Any CPU
		{544CCECC-288A-4E8F-AC9C-6500C505F96C}.Release|Any CPU.ActiveCfg = Release|Any CPU
		{544CCECC-288A-4E8F-AC9C-6500C505F96C}.Release|Any CPU.Build.0 = Release|Any CPU
	EndGlobalSection
	GlobalSection(SolutionProperties) = preSolution
		HideSolutionNode = FALSE
	EndGlobalSection
	GlobalSection(ExtensibilityGlobals) = postSolution
		SolutionGuid = {441C9219-306A-4A5D-B9EB-0DCA93EE598E}
	EndGlobalSection
EndGlobal
